
Microsoft Visual Studio Solution File, Format Version 12.00
# Visual Studio Version 16
VisualStudioVersion = 16.0.31019.35
MinimumVisualStudioVersion = 10.0.40219.1
Project("{9A19103F-16F7-4668-BE54-9A1E7A4F7556}") = "Task1", "ASP_Practice1\Task1.csproj", "{5FEAAA2D-F3BF-44C6-A28A-5DD1C4686507}"
EndProject
Project("{9A19103F-16F7-4668-BE54-9A1E7A4F7556}") = "Task2", "Task2\Task2.csproj", "{12C08579-11AC-4660-9843-549FBFD0A5AD}"
EndProject
Project("{9A19103F-16F7-4668-BE54-9A1E7A4F7556}") = "Task3", "Task3\Task3.csproj", "{7DC8A59A-CB2C-49E4-9941-3F04BEE2F161}"
EndProject
Project("{9A19103F-16F7-4668-BE54-9A1E7A4F7556}") = "Task5", "Task5\Task5.csproj", "{3ECB25C5-A0C0-4EEA-A3B2-772B21ECD3BE}"
EndProject
Project("{FAE04EC0-301F-11D3-BF4B-00C04F79EFBC}") = "Task4", "Task4\Task4.csproj", "{D054BBDC-BE01-4DC5-AFC2-E6ACFF093B12}"
EndProject
Global
	GlobalSection(SolutionConfigurationPlatforms) = preSolution
		Debug|Any CPU = Debug|Any CPU
		Release|Any CPU = Release|Any CPU
	EndGlobalSection
	GlobalSection(ProjectConfigurationPlatforms) = postSolution
		{5FEAAA2D-F3BF-44C6-A28A-5DD1C4686507}.Debug|Any CPU.ActiveCfg = Debug|Any CPU
		{5FEAAA2D-F3BF-44C6-A28A-5DD1C4686507}.Debug|Any CPU.Build.0 = Debug|Any CPU
		{5FEAAA2D-F3BF-44C6-A28A-5DD1C4686507}.Release|Any CPU.ActiveCfg = Release|Any CPU
		{5FEAAA2D-F3BF-44C6-A28A-5DD1C4686507}.Release|Any CPU.Build.0 = Release|Any CPU
		{12C08579-11AC-4660-9843-549FBFD0A5AD}.Debug|Any CPU.ActiveCfg = Debug|Any CPU
		{12C08579-11AC-4660-9843-549FBFD0A5AD}.Debug|Any CPU.Build.0 = Debug|Any CPU
		{12C08579-11AC-4660-9843-549FBFD0A5AD}.Release|Any CPU.ActiveCfg = Release|Any CPU
		{12C08579-11AC-4660-9843-549FBFD0A5AD}.Release|Any CPU.Build.0 = Release|Any CPU
		{7DC8A59A-CB2C-49E4-9941-3F04BEE2F161}.Debug|Any CPU.ActiveCfg = Debug|Any CPU
		{7DC8A59A-CB2C-49E4-9941-3F04BEE2F161}.Debug|Any CPU.Build.0 = Debug|Any CPU
		{7DC8A59A-CB2C-49E4-9941-3F04BEE2F161}.Release|Any CPU.ActiveCfg = Release|Any CPU
		{7DC8A59A-CB2C-49E4-9941-3F04BEE2F161}.Release|Any CPU.Build.0 = Release|Any CPU
		{3ECB25C5-A0C0-4EEA-A3B2-772B21ECD3BE}.Debug|Any CPU.ActiveCfg = Debug|Any CPU
		{3ECB25C5-A0C0-4EEA-A3B2-772B21ECD3BE}.Debug|Any CPU.Build.0 = Debug|Any CPU
		{3ECB25C5-A0C0-4EEA-A3B2-772B21ECD3BE}.Release|Any CPU.ActiveCfg = Release|Any CPU
		{3ECB25C5-A0C0-4EEA-A3B2-772B21ECD3BE}.Release|Any CPU.Build.0 = Release|Any CPU
		{D054BBDC-BE01-4DC5-AFC2-E6ACFF093B12}.Debug|Any CPU.ActiveCfg = Debug|Any CPU
		{D054BBDC-BE01-4DC5-AFC2-E6ACFF093B12}.Debug|Any CPU.Build.0 = Debug|Any CPU
		{D054BBDC-BE01-4DC5-AFC2-E6ACFF093B12}.Release|Any CPU.ActiveCfg = Release|Any CPU
		{D054BBDC-BE01-4DC5-AFC2-E6ACFF093B12}.Release|Any CPU.Build.0 = Release|Any CPU
	EndGlobalSection
	GlobalSection(SolutionProperties) = preSolution
		HideSolutionNode = FALSE
	EndGlobalSection
	GlobalSection(ExtensibilityGlobals) = postSolution
		SolutionGuid = {EFAD5C0E-1094-4821-A2CE-A7C122326B73}
	EndGlobalSection
EndGlobal
